// !$*UTF8*$!
{
	archiveVersion = 1;
	classes = {
	};
	objectVersion = 55;
	objects = {

/* Begin PBXBuildFile section */
		395EC17A28E88C1E00F32840 /* AppDelegate.swift in Sources */ = {isa = PBXBuildFile; fileRef = 395EC17928E88C1E00F32840 /* AppDelegate.swift */; };
		395EC17E28E88C1E00F32840 /* MainViewController.swift in Sources */ = {isa = PBXBuildFile; fileRef = 395EC17D28E88C1E00F32840 /* MainViewController.swift */; };
		395EC18328E88C2000F32840 /* Assets.xcassets in Resources */ = {isa = PBXBuildFile; fileRef = 395EC18228E88C2000F32840 /* Assets.xcassets */; };
		395EC19328E9CEA400F32840 /* HomeViewController.swift in Sources */ = {isa = PBXBuildFile; fileRef = 395EC19228E9CEA400F32840 /* HomeViewController.swift */; };
		395EC19628E9D0F100F32840 /* LoginViewController.swift in Sources */ = {isa = PBXBuildFile; fileRef = 395EC19528E9D0F100F32840 /* LoginViewController.swift */; };
		395EC19928E9D13B00F32840 /* WriteStoryViewController.swift in Sources */ = {isa = PBXBuildFile; fileRef = 395EC19828E9D13B00F32840 /* WriteStoryViewController.swift */; };
		395EC1A028E9D2A300F32840 /* MyPageViewController.swift in Sources */ = {isa = PBXBuildFile; fileRef = 395EC19F28E9D2A300F32840 /* MyPageViewController.swift */; };
		395EC1A228E9D2FA00F32840 /* HomeTabBarController.swift in Sources */ = {isa = PBXBuildFile; fileRef = 395EC1A128E9D2FA00F32840 /* HomeTabBarController.swift */; };
		395EC1A628E9D33C00F32840 /* HallOfFameViewController.swift in Sources */ = {isa = PBXBuildFile; fileRef = 395EC1A528E9D33C00F32840 /* HallOfFameViewController.swift */; };
		395EC1A928E9D37000F32840 /* RequestExperienceViewController.swift in Sources */ = {isa = PBXBuildFile; fileRef = 395EC1A828E9D37000F32840 /* RequestExperienceViewController.swift */; };
		395EC1AB28E9D38B00F32840 /* SearchViewController.swift in Sources */ = {isa = PBXBuildFile; fileRef = 395EC1AA28E9D38B00F32840 /* SearchViewController.swift */; };
		395EC1AD28E9E09600F32840 /* Colors.swift in Sources */ = {isa = PBXBuildFile; fileRef = 395EC1AC28E9E09600F32840 /* Colors.swift */; };
		39BA1EBF28EC8066007D1001 /* NSAttributeString.swift in Sources */ = {isa = PBXBuildFile; fileRef = 39BA1EBE28EC8066007D1001 /* NSAttributeString.swift */; };
		39BA1EC528EC815D007D1001 /* Pretendard-Medium.otf in Resources */ = {isa = PBXBuildFile; fileRef = 39BA1EC128EC815D007D1001 /* Pretendard-Medium.otf */; };
		39BA1EC628EC815D007D1001 /* Pretendard-Bold.otf in Resources */ = {isa = PBXBuildFile; fileRef = 39BA1EC228EC815D007D1001 /* Pretendard-Bold.otf */; };
		39BA1EC728EC815D007D1001 /* Pretendard-Regular.otf in Resources */ = {isa = PBXBuildFile; fileRef = 39BA1EC328EC815D007D1001 /* Pretendard-Regular.otf */; };
		39BA1EC828EC815D007D1001 /* Pretendard-SemiBold.otf in Resources */ = {isa = PBXBuildFile; fileRef = 39BA1EC428EC815D007D1001 /* Pretendard-SemiBold.otf */; };
		39BA1ECA28EC8475007D1001 /* Extensions.swift in Sources */ = {isa = PBXBuildFile; fileRef = 39BA1EC928EC8475007D1001 /* Extensions.swift */; };
		39BA1ECC28EC8490007D1001 /* Ratio.swift in Sources */ = {isa = PBXBuildFile; fileRef = 39BA1ECB28EC8490007D1001 /* Ratio.swift */; };
		39BA1ED028EC902D007D1001 /* StoryTableViewCellTableViewCell.swift in Sources */ = {isa = PBXBuildFile; fileRef = 39BA1ECF28EC902D007D1001 /* StoryTableViewCellTableViewCell.swift */; };
		39BA1ED228EC96DB007D1001 /* Singleton.swift in Sources */ = {isa = PBXBuildFile; fileRef = 39BA1ED128EC96DB007D1001 /* Singleton.swift */; };
		39BA1ED528EC98A9007D1001 /* CategoryBadgeView.swift in Sources */ = {isa = PBXBuildFile; fileRef = 39BA1ED428EC98A9007D1001 /* CategoryBadgeView.swift */; };
		39BA1ED728EC98D7007D1001 /* Constant.swift in Sources */ = {isa = PBXBuildFile; fileRef = 39BA1ED628EC98D7007D1001 /* Constant.swift */; };
		39BA1ED928EDDEFB007D1001 /* StoryDetailViewController.swift in Sources */ = {isa = PBXBuildFile; fileRef = 39BA1ED828EDDEFB007D1001 /* StoryDetailViewController.swift */; };
		39BA1EDB28EDE742007D1001 /* MainButton.swift in Sources */ = {isa = PBXBuildFile; fileRef = 39BA1EDA28EDE742007D1001 /* MainButton.swift */; };
		39BA1EDD28EDEC26007D1001 /* LockContentView.swift in Sources */ = {isa = PBXBuildFile; fileRef = 39BA1EDC28EDEC26007D1001 /* LockContentView.swift */; };
		39BA1EDF28F5C836007D1001 /* UnderLineTextField.swift in Sources */ = {isa = PBXBuildFile; fileRef = 39BA1EDE28F5C836007D1001 /* UnderLineTextField.swift */; };
		39BA1EE128F71DB9007D1001 /* TextView.swift in Sources */ = {isa = PBXBuildFile; fileRef = 39BA1EE028F71DB9007D1001 /* TextView.swift */; };
		39BA1EE328F722AC007D1001 /* GuideView.swift in Sources */ = {isa = PBXBuildFile; fileRef = 39BA1EE228F722AC007D1001 /* GuideView.swift */; };
		3EC8A957FE2D134EC0410718 /* Pods_SellStroy_iOS.framework in Frameworks */ = {isa = PBXBuildFile; fileRef = 331991FF239262C470281525 /* Pods_SellStroy_iOS.framework */; };
/* End PBXBuildFile section */

/* Begin PBXFileReference section */
		1587F02214F5CE37CA1229DF /* Pods-SellStroy-iOS.release.xcconfig */ = {isa = PBXFileReference; includeInIndex = 1; lastKnownFileType = text.xcconfig; name = "Pods-SellStroy-iOS.release.xcconfig"; path = "Target Support Files/Pods-SellStroy-iOS/Pods-SellStroy-iOS.release.xcconfig"; sourceTree = "<group>"; };
		331991FF239262C470281525 /* Pods_SellStroy_iOS.framework */ = {isa = PBXFileReference; explicitFileType = wrapper.framework; includeInIndex = 0; path = Pods_SellStroy_iOS.framework; sourceTree = BUILT_PRODUCTS_DIR; };
		395EC17628E88C1E00F32840 /* SellStroy-iOS.app */ = {isa = PBXFileReference; explicitFileType = wrapper.application; includeInIndex = 0; path = "SellStroy-iOS.app"; sourceTree = BUILT_PRODUCTS_DIR; };
		395EC17928E88C1E00F32840 /* AppDelegate.swift */ = {isa = PBXFileReference; lastKnownFileType = sourcecode.swift; path = AppDelegate.swift; sourceTree = "<group>"; };
		395EC17D28E88C1E00F32840 /* MainViewController.swift */ = {isa = PBXFileReference; lastKnownFileType = sourcecode.swift; path = MainViewController.swift; sourceTree = "<group>"; };
		395EC18228E88C2000F32840 /* Assets.xcassets */ = {isa = PBXFileReference; lastKnownFileType = folder.assetcatalog; path = Assets.xcassets; sourceTree = "<group>"; };
		395EC18728E88C2000F32840 /* Info.plist */ = {isa = PBXFileReference; lastKnownFileType = text.plist.xml; path = Info.plist; sourceTree = "<group>"; };
		395EC19228E9CEA400F32840 /* HomeViewController.swift */ = {isa = PBXFileReference; lastKnownFileType = sourcecode.swift; path = HomeViewController.swift; sourceTree = "<group>"; };
		395EC19528E9D0F100F32840 /* LoginViewController.swift */ = {isa = PBXFileReference; lastKnownFileType = sourcecode.swift; path = LoginViewController.swift; sourceTree = "<group>"; };
		395EC19828E9D13B00F32840 /* WriteStoryViewController.swift */ = {isa = PBXFileReference; lastKnownFileType = sourcecode.swift; path = WriteStoryViewController.swift; sourceTree = "<group>"; };
		395EC19F28E9D2A300F32840 /* MyPageViewController.swift */ = {isa = PBXFileReference; lastKnownFileType = sourcecode.swift; path = MyPageViewController.swift; sourceTree = "<group>"; };
		395EC1A128E9D2FA00F32840 /* HomeTabBarController.swift */ = {isa = PBXFileReference; lastKnownFileType = sourcecode.swift; path = HomeTabBarController.swift; sourceTree = "<group>"; };
		395EC1A528E9D33C00F32840 /* HallOfFameViewController.swift */ = {isa = PBXFileReference; lastKnownFileType = sourcecode.swift; path = HallOfFameViewController.swift; sourceTree = "<group>"; };
		395EC1A828E9D37000F32840 /* RequestExperienceViewController.swift */ = {isa = PBXFileReference; lastKnownFileType = sourcecode.swift; path = RequestExperienceViewController.swift; sourceTree = "<group>"; };
		395EC1AA28E9D38B00F32840 /* SearchViewController.swift */ = {isa = PBXFileReference; lastKnownFileType = sourcecode.swift; path = SearchViewController.swift; sourceTree = "<group>"; };
		395EC1AC28E9E09600F32840 /* Colors.swift */ = {isa = PBXFileReference; lastKnownFileType = sourcecode.swift; path = Colors.swift; sourceTree = "<group>"; };
		39BA1EBE28EC8066007D1001 /* NSAttributeString.swift */ = {isa = PBXFileReference; lastKnownFileType = sourcecode.swift; path = NSAttributeString.swift; sourceTree = "<group>"; };
		39BA1EC128EC815D007D1001 /* Pretendard-Medium.otf */ = {isa = PBXFileReference; lastKnownFileType = file; path = "Pretendard-Medium.otf"; sourceTree = "<group>"; };
		39BA1EC228EC815D007D1001 /* Pretendard-Bold.otf */ = {isa = PBXFileReference; lastKnownFileType = file; path = "Pretendard-Bold.otf"; sourceTree = "<group>"; };
		39BA1EC328EC815D007D1001 /* Pretendard-Regular.otf */ = {isa = PBXFileReference; lastKnownFileType = file; path = "Pretendard-Regular.otf"; sourceTree = "<group>"; };
		39BA1EC428EC815D007D1001 /* Pretendard-SemiBold.otf */ = {isa = PBXFileReference; lastKnownFileType = file; path = "Pretendard-SemiBold.otf"; sourceTree = "<group>"; };
		39BA1EC928EC8475007D1001 /* Extensions.swift */ = {isa = PBXFileReference; lastKnownFileType = sourcecode.swift; path = Extensions.swift; sourceTree = "<group>"; };
		39BA1ECB28EC8490007D1001 /* Ratio.swift */ = {isa = PBXFileReference; lastKnownFileType = sourcecode.swift; path = Ratio.swift; sourceTree = "<group>"; };
		39BA1ECF28EC902D007D1001 /* StoryTableViewCellTableViewCell.swift */ = {isa = PBXFileReference; lastKnownFileType = sourcecode.swift; path = StoryTableViewCellTableViewCell.swift; sourceTree = "<group>"; };
		39BA1ED128EC96DB007D1001 /* Singleton.swift */ = {isa = PBXFileReference; lastKnownFileType = sourcecode.swift; path = Singleton.swift; sourceTree = "<group>"; };
		39BA1ED428EC98A9007D1001 /* CategoryBadgeView.swift */ = {isa = PBXFileReference; lastKnownFileType = sourcecode.swift; path = CategoryBadgeView.swift; sourceTree = "<group>"; };
		39BA1ED628EC98D7007D1001 /* Constant.swift */ = {isa = PBXFileReference; lastKnownFileType = sourcecode.swift; path = Constant.swift; sourceTree = "<group>"; };
		39BA1ED828EDDEFB007D1001 /* StoryDetailViewController.swift */ = {isa = PBXFileReference; lastKnownFileType = sourcecode.swift; path = StoryDetailViewController.swift; sourceTree = "<group>"; };
		39BA1EDA28EDE742007D1001 /* MainButton.swift */ = {isa = PBXFileReference; lastKnownFileType = sourcecode.swift; path = MainButton.swift; sourceTree = "<group>"; };
		39BA1EDC28EDEC26007D1001 /* LockContentView.swift */ = {isa = PBXFileReference; lastKnownFileType = sourcecode.swift; path = LockContentView.swift; sourceTree = "<group>"; };
		39BA1EDE28F5C836007D1001 /* UnderLineTextField.swift */ = {isa = PBXFileReference; lastKnownFileType = sourcecode.swift; path = UnderLineTextField.swift; sourceTree = "<group>"; };
		39BA1EE028F71DB9007D1001 /* TextView.swift */ = {isa = PBXFileReference; lastKnownFileType = sourcecode.swift; path = TextView.swift; sourceTree = "<group>"; };
		39BA1EE228F722AC007D1001 /* GuideView.swift */ = {isa = PBXFileReference; lastKnownFileType = sourcecode.swift; path = GuideView.swift; sourceTree = "<group>"; };
		F0BBC578FE292801DC294ED7 /* Pods-SellStroy-iOS.debug.xcconfig */ = {isa = PBXFileReference; includeInIndex = 1; lastKnownFileType = text.xcconfig; name = "Pods-SellStroy-iOS.debug.xcconfig"; path = "Target Support Files/Pods-SellStroy-iOS/Pods-SellStroy-iOS.debug.xcconfig"; sourceTree = "<group>"; };
/* End PBXFileReference section */

/* Begin PBXFrameworksBuildPhase section */
		395EC17328E88C1E00F32840 /* Frameworks */ = {
			isa = PBXFrameworksBuildPhase;
			buildActionMask = 2147483647;
			files = (
				3EC8A957FE2D134EC0410718 /* Pods_SellStroy_iOS.framework in Frameworks */,
			);
			runOnlyForDeploymentPostprocessing = 0;
		};
/* End PBXFrameworksBuildPhase section */

/* Begin PBXGroup section */
		395EC16D28E88C1E00F32840 = {
			isa = PBXGroup;
			children = (
				395EC17828E88C1E00F32840 /* SellStroy-iOS */,
				395EC17728E88C1E00F32840 /* Products */,
				F07E5DF14C08088072C08175 /* Pods */,
				98974275C605D550EF661409 /* Frameworks */,
			);
			sourceTree = "<group>";
		};
		395EC17728E88C1E00F32840 /* Products */ = {
			isa = PBXGroup;
			children = (
				395EC17628E88C1E00F32840 /* SellStroy-iOS.app */,
			);
			name = Products;
			sourceTree = "<group>";
		};
		395EC17828E88C1E00F32840 /* SellStroy-iOS */ = {
			isa = PBXGroup;
			children = (
				395EC19028E9CE6400F32840 /* ViewModel */,
				395EC18E28E9CE5600F32840 /* Model */,
				395EC18D28E9CE4D00F32840 /* View */,
				39BA1ED328EC986D007D1001 /* Custom Class */,
				395EC19C28E9D15600F32840 /* Common */,
				395EC19E28E9D27000F32840 /* ApplicationDelegate */,
				395EC19D28E9D15F00F32840 /* Utils */,
				395EC18728E88C2000F32840 /* Info.plist */,
			);
			path = "SellStroy-iOS";
			sourceTree = "<group>";
		};
		395EC18D28E9CE4D00F32840 /* View */ = {
			isa = PBXGroup;
			children = (
				395EC17D28E88C1E00F32840 /* MainViewController.swift */,
				395EC19428E9D0E400F32840 /* Login */,
				39BA1ECE28EC8FD9007D1001 /* TabBar */,
			);
			path = View;
			sourceTree = "<group>";
		};
		395EC18E28E9CE5600F32840 /* Model */ = {
			isa = PBXGroup;
			children = (
			);
			path = Model;
			sourceTree = "<group>";
		};
		395EC19028E9CE6400F32840 /* ViewModel */ = {
			isa = PBXGroup;
			children = (
			);
			path = ViewModel;
			sourceTree = "<group>";
		};
		395EC19128E9CE9000F32840 /* Home */ = {
			isa = PBXGroup;
			children = (
				395EC19228E9CEA400F32840 /* HomeViewController.swift */,
				39BA1ECF28EC902D007D1001 /* StoryTableViewCellTableViewCell.swift */,
				39BA1ED828EDDEFB007D1001 /* StoryDetailViewController.swift */,
				395EC19728E9D11400F32840 /* WriteStory */,
				39BA1EDC28EDEC26007D1001 /* LockContentView.swift */,
			);
			path = Home;
			sourceTree = "<group>";
		};
		395EC19428E9D0E400F32840 /* Login */ = {
			isa = PBXGroup;
			children = (
				395EC19528E9D0F100F32840 /* LoginViewController.swift */,
			);
			path = Login;
			sourceTree = "<group>";
		};
		395EC19728E9D11400F32840 /* WriteStory */ = {
			isa = PBXGroup;
			children = (
				395EC19828E9D13B00F32840 /* WriteStoryViewController.swift */,
			);
			path = WriteStory;
			sourceTree = "<group>";
		};
		395EC19A28E9D14400F32840 /* MyPage */ = {
			isa = PBXGroup;
			children = (
				395EC19F28E9D2A300F32840 /* MyPageViewController.swift */,
			);
			path = MyPage;
			sourceTree = "<group>";
		};
		395EC19C28E9D15600F32840 /* Common */ = {
			isa = PBXGroup;
			children = (
				395EC1AC28E9E09600F32840 /* Colors.swift */,
				39BA1EBE28EC8066007D1001 /* NSAttributeString.swift */,
				39BA1EC928EC8475007D1001 /* Extensions.swift */,
				39BA1ECB28EC8490007D1001 /* Ratio.swift */,
				39BA1ED128EC96DB007D1001 /* Singleton.swift */,
				39BA1ED628EC98D7007D1001 /* Constant.swift */,
			);
			path = Common;
			sourceTree = "<group>";
		};
		395EC19D28E9D15F00F32840 /* Utils */ = {
			isa = PBXGroup;
			children = (
				39BA1EC028EC811E007D1001 /* Fonts */,
				395EC18228E88C2000F32840 /* Assets.xcassets */,
			);
			path = Utils;
			sourceTree = "<group>";
		};
		395EC19E28E9D27000F32840 /* ApplicationDelegate */ = {
			isa = PBXGroup;
			children = (
				395EC17928E88C1E00F32840 /* AppDelegate.swift */,
			);
			path = ApplicationDelegate;
			sourceTree = "<group>";
		};
		395EC1A328E9D30700F32840 /* Search */ = {
			isa = PBXGroup;
			children = (
				395EC1AA28E9D38B00F32840 /* SearchViewController.swift */,
			);
			path = Search;
			sourceTree = "<group>";
		};
		395EC1A428E9D32400F32840 /* Hall of Fame */ = {
			isa = PBXGroup;
			children = (
				395EC1A528E9D33C00F32840 /* HallOfFameViewController.swift */,
			);
			path = "Hall of Fame";
			sourceTree = "<group>";
		};
		395EC1A728E9D35200F32840 /* Request Story */ = {
			isa = PBXGroup;
			children = (
				395EC1A828E9D37000F32840 /* RequestExperienceViewController.swift */,
			);
			path = "Request Story";
			sourceTree = "<group>";
		};
		39BA1EC028EC811E007D1001 /* Fonts */ = {
			isa = PBXGroup;
			children = (
				39BA1EC228EC815D007D1001 /* Pretendard-Bold.otf */,
				39BA1EC128EC815D007D1001 /* Pretendard-Medium.otf */,
				39BA1EC328EC815D007D1001 /* Pretendard-Regular.otf */,
				39BA1EC428EC815D007D1001 /* Pretendard-SemiBold.otf */,
			);
			path = Fonts;
			sourceTree = "<group>";
		};
		39BA1ECE28EC8FD9007D1001 /* TabBar */ = {
			isa = PBXGroup;
			children = (
				395EC1A128E9D2FA00F32840 /* HomeTabBarController.swift */,
				395EC19128E9CE9000F32840 /* Home */,
				395EC1A328E9D30700F32840 /* Search */,
				395EC1A428E9D32400F32840 /* Hall of Fame */,
				395EC1A728E9D35200F32840 /* Request Story */,
				395EC19A28E9D14400F32840 /* MyPage */,
			);
			path = TabBar;
			sourceTree = "<group>";
		};
		39BA1ED328EC986D007D1001 /* Custom Class */ = {
			isa = PBXGroup;
			children = (
				39BA1EDA28EDE742007D1001 /* MainButton.swift */,
				39BA1ED428EC98A9007D1001 /* CategoryBadgeView.swift */,
				39BA1EDE28F5C836007D1001 /* UnderLineTextField.swift */,
				39BA1EE028F71DB9007D1001 /* TextView.swift */,
				39BA1EE228F722AC007D1001 /* GuideView.swift */,
			);
			path = "Custom Class";
			sourceTree = "<group>";
		};
		98974275C605D550EF661409 /* Frameworks */ = {
			isa = PBXGroup;
			children = (
				331991FF239262C470281525 /* Pods_SellStroy_iOS.framework */,
			);
			name = Frameworks;
			sourceTree = "<group>";
		};
		F07E5DF14C08088072C08175 /* Pods */ = {
			isa = PBXGroup;
			children = (
				F0BBC578FE292801DC294ED7 /* Pods-SellStroy-iOS.debug.xcconfig */,
				1587F02214F5CE37CA1229DF /* Pods-SellStroy-iOS.release.xcconfig */,
			);
			path = Pods;
			sourceTree = "<group>";
		};
/* End PBXGroup section */

/* Begin PBXNativeTarget section */
		395EC17528E88C1E00F32840 /* SellStroy-iOS */ = {
			isa = PBXNativeTarget;
			buildConfigurationList = 395EC18A28E88C2000F32840 /* Build configuration list for PBXNativeTarget "SellStroy-iOS" */;
			buildPhases = (
				098A26428F2AB960EF6CB9C7 /* [CP] Check Pods Manifest.lock */,
				395EC17228E88C1E00F32840 /* Sources */,
				395EC17328E88C1E00F32840 /* Frameworks */,
				395EC17428E88C1E00F32840 /* Resources */,
				74386A860756AB67D59DAF22 /* [CP] Embed Pods Frameworks */,
			);
			buildRules = (
			);
			dependencies = (
			);
			name = "SellStroy-iOS";
			productName = "SellStroy-iOS";
			productReference = 395EC17628E88C1E00F32840 /* SellStroy-iOS.app */;
			productType = "com.apple.product-type.application";
		};
/* End PBXNativeTarget section */

/* Begin PBXProject section */
		395EC16E28E88C1E00F32840 /* Project object */ = {
			isa = PBXProject;
			attributes = {
				BuildIndependentTargetsInParallel = 1;
				LastSwiftUpdateCheck = 1310;
				LastUpgradeCheck = 1310;
				TargetAttributes = {
					395EC17528E88C1E00F32840 = {
						CreatedOnToolsVersion = 13.1;
					};
				};
			};
			buildConfigurationList = 395EC17128E88C1E00F32840 /* Build configuration list for PBXProject "SellStroy-iOS" */;
			compatibilityVersion = "Xcode 13.0";
			developmentRegion = en;
			hasScannedForEncodings = 0;
			knownRegions = (
				en,
				Base,
			);
			mainGroup = 395EC16D28E88C1E00F32840;
			productRefGroup = 395EC17728E88C1E00F32840 /* Products */;
			projectDirPath = "";
			projectRoot = "";
			targets = (
				395EC17528E88C1E00F32840 /* SellStroy-iOS */,
			);
		};
/* End PBXProject section */

/* Begin PBXResourcesBuildPhase section */
		395EC17428E88C1E00F32840 /* Resources */ = {
			isa = PBXResourcesBuildPhase;
			buildActionMask = 2147483647;
			files = (
				395EC18328E88C2000F32840 /* Assets.xcassets in Resources */,
				39BA1EC728EC815D007D1001 /* Pretendard-Regular.otf in Resources */,
				39BA1EC828EC815D007D1001 /* Pretendard-SemiBold.otf in Resources */,
				39BA1EC628EC815D007D1001 /* Pretendard-Bold.otf in Resources */,
				39BA1EC528EC815D007D1001 /* Pretendard-Medium.otf in Resources */,
			);
			runOnlyForDeploymentPostprocessing = 0;
		};
/* End PBXResourcesBuildPhase section */

/* Begin PBXShellScriptBuildPhase section */
		098A26428F2AB960EF6CB9C7 /* [CP] Check Pods Manifest.lock */ = {
			isa = PBXShellScriptBuildPhase;
			buildActionMask = 2147483647;
			files = (
			);
			inputFileListPaths = (
			);
			inputPaths = (
				"${PODS_PODFILE_DIR_PATH}/Podfile.lock",
				"${PODS_ROOT}/Manifest.lock",
			);
			name = "[CP] Check Pods Manifest.lock";
			outputFileListPaths = (
			);
			outputPaths = (
				"$(DERIVED_FILE_DIR)/Pods-SellStroy-iOS-checkManifestLockResult.txt",
			);
			runOnlyForDeploymentPostprocessing = 0;
			shellPath = /bin/sh;
			shellScript = "diff \"${PODS_PODFILE_DIR_PATH}/Podfile.lock\" \"${PODS_ROOT}/Manifest.lock\" > /dev/null\nif [ $? != 0 ] ; then\n    # print error to STDERR\n    echo \"error: The sandbox is not in sync with the Podfile.lock. Run 'pod install' or update your CocoaPods installation.\" >&2\n    exit 1\nfi\n# This output is used by Xcode 'outputs' to avoid re-running this script phase.\necho \"SUCCESS\" > \"${SCRIPT_OUTPUT_FILE_0}\"\n";
			showEnvVarsInLog = 0;
		};
		74386A860756AB67D59DAF22 /* [CP] Embed Pods Frameworks */ = {
			isa = PBXShellScriptBuildPhase;
			buildActionMask = 2147483647;
			files = (
			);
			inputFileListPaths = (
				"${PODS_ROOT}/Target Support Files/Pods-SellStroy-iOS/Pods-SellStroy-iOS-frameworks-${CONFIGURATION}-input-files.xcfilelist",
			);
			name = "[CP] Embed Pods Frameworks";
			outputFileListPaths = (
				"${PODS_ROOT}/Target Support Files/Pods-SellStroy-iOS/Pods-SellStroy-iOS-frameworks-${CONFIGURATION}-output-files.xcfilelist",
			);
			runOnlyForDeploymentPostprocessing = 0;
			shellPath = /bin/sh;
			shellScript = "\"${PODS_ROOT}/Target Support Files/Pods-SellStroy-iOS/Pods-SellStroy-iOS-frameworks.sh\"\n";
			showEnvVarsInLog = 0;
		};
/* End PBXShellScriptBuildPhase section */

/* Begin PBXSourcesBuildPhase section */
		395EC17228E88C1E00F32840 /* Sources */ = {
			isa = PBXSourcesBuildPhase;
			buildActionMask = 2147483647;
			files = (
				395EC1AB28E9D38B00F32840 /* SearchViewController.swift in Sources */,
				395EC1AD28E9E09600F32840 /* Colors.swift in Sources */,
				39BA1ED028EC902D007D1001 /* StoryTableViewCellTableViewCell.swift in Sources */,
				39BA1EE328F722AC007D1001 /* GuideView.swift in Sources */,
				395EC19628E9D0F100F32840 /* LoginViewController.swift in Sources */,
				39BA1EDB28EDE742007D1001 /* MainButton.swift in Sources */,
				39BA1ECC28EC8490007D1001 /* Ratio.swift in Sources */,
				395EC1A028E9D2A300F32840 /* MyPageViewController.swift in Sources */,
				395EC1A228E9D2FA00F32840 /* HomeTabBarController.swift in Sources */,
				39BA1EDF28F5C836007D1001 /* UnderLineTextField.swift in Sources */,
				395EC19928E9D13B00F32840 /* WriteStoryViewController.swift in Sources */,
				395EC17E28E88C1E00F32840 /* MainViewController.swift in Sources */,
				39BA1ED928EDDEFB007D1001 /* StoryDetailViewController.swift in Sources */,
				395EC17A28E88C1E00F32840 /* AppDelegate.swift in Sources */,
				39BA1ECA28EC8475007D1001 /* Extensions.swift in Sources */,
				39BA1ED728EC98D7007D1001 /* Constant.swift in Sources */,
				395EC19328E9CEA400F32840 /* HomeViewController.swift in Sources */,
				39BA1EDD28EDEC26007D1001 /* LockContentView.swift in Sources */,
				395EC1A628E9D33C00F32840 /* HallOfFameViewController.swift in Sources */,
				39BA1ED528EC98A9007D1001 /* CategoryBadgeView.swift in Sources */,
				39BA1ED228EC96DB007D1001 /* Singleton.swift in Sources */,
				39BA1EE128F71DB9007D1001 /* TextView.swift in Sources */,
				39BA1EBF28EC8066007D1001 /* NSAttributeString.swift in Sources */,
				395EC1A928E9D37000F32840 /* RequestExperienceViewController.swift in Sources */,
			);
			runOnlyForDeploymentPostprocessing = 0;
		};
/* End PBXSourcesBuildPhase section */

/* Begin XCBuildConfiguration section */
		395EC18828E88C2000F32840 /* Debug */ = {
			isa = XCBuildConfiguration;
			buildSettings = {
				ALWAYS_SEARCH_USER_PATHS = NO;
				CLANG_ANALYZER_NONNULL = YES;
				CLANG_ANALYZER_NUMBER_OBJECT_CONVERSION = YES_AGGRESSIVE;
				CLANG_CXX_LANGUAGE_STANDARD = "gnu++17";
				CLANG_CXX_LIBRARY = "libc++";
				CLANG_ENABLE_MODULES = YES;
				CLANG_ENABLE_OBJC_ARC = YES;
				CLANG_ENABLE_OBJC_WEAK = YES;
				CLANG_WARN_BLOCK_CAPTURE_AUTORELEASING = YES;
				CLANG_WARN_BOOL_CONVERSION = YES;
				CLANG_WARN_COMMA = YES;
				CLANG_WARN_CONSTANT_CONVERSION = YES;
				CLANG_WARN_DEPRECATED_OBJC_IMPLEMENTATIONS = YES;
				CLANG_WARN_DIRECT_OBJC_ISA_USAGE = YES_ERROR;
				CLANG_WARN_DOCUMENTATION_COMMENTS = YES;
				CLANG_WARN_EMPTY_BODY = YES;
				CLANG_WARN_ENUM_CONVERSION = YES;
				CLANG_WARN_INFINITE_RECURSION = YES;
				CLANG_WARN_INT_CONVERSION = YES;
				CLANG_WARN_NON_LITERAL_NULL_CONVERSION = YES;
				CLANG_WARN_OBJC_IMPLICIT_RETAIN_SELF = YES;
				CLANG_WARN_OBJC_LITERAL_CONVERSION = YES;
				CLANG_WARN_OBJC_ROOT_CLASS = YES_ERROR;
				CLANG_WARN_QUOTED_INCLUDE_IN_FRAMEWORK_HEADER = YES;
				CLANG_WARN_RANGE_LOOP_ANALYSIS = YES;
				CLANG_WARN_STRICT_PROTOTYPES = YES;
				CLANG_WARN_SUSPICIOUS_MOVE = YES;
				CLANG_WARN_UNGUARDED_AVAILABILITY = YES_AGGRESSIVE;
				CLANG_WARN_UNREACHABLE_CODE = YES;
				CLANG_WARN__DUPLICATE_METHOD_MATCH = YES;
				COPY_PHASE_STRIP = NO;
				DEBUG_INFORMATION_FORMAT = dwarf;
				ENABLE_STRICT_OBJC_MSGSEND = YES;
				ENABLE_TESTABILITY = YES;
				GCC_C_LANGUAGE_STANDARD = gnu11;
				GCC_DYNAMIC_NO_PIC = NO;
				GCC_NO_COMMON_BLOCKS = YES;
				GCC_OPTIMIZATION_LEVEL = 0;
				GCC_PREPROCESSOR_DEFINITIONS = (
					"DEBUG=1",
					"$(inherited)",
				);
				GCC_WARN_64_TO_32_BIT_CONVERSION = YES;
				GCC_WARN_ABOUT_RETURN_TYPE = YES_ERROR;
				GCC_WARN_UNDECLARED_SELECTOR = YES;
				GCC_WARN_UNINITIALIZED_AUTOS = YES_AGGRESSIVE;
				GCC_WARN_UNUSED_FUNCTION = YES;
				GCC_WARN_UNUSED_VARIABLE = YES;
				IPHONEOS_DEPLOYMENT_TARGET = 15.0;
				MTL_ENABLE_DEBUG_INFO = INCLUDE_SOURCE;
				MTL_FAST_MATH = YES;
				ONLY_ACTIVE_ARCH = YES;
				SDKROOT = iphoneos;
				SWIFT_ACTIVE_COMPILATION_CONDITIONS = DEBUG;
				SWIFT_OPTIMIZATION_LEVEL = "-Onone";
			};
			name = Debug;
		};
		395EC18928E88C2000F32840 /* Release */ = {
			isa = XCBuildConfiguration;
			buildSettings = {
				ALWAYS_SEARCH_USER_PATHS = NO;
				CLANG_ANALYZER_NONNULL = YES;
				CLANG_ANALYZER_NUMBER_OBJECT_CONVERSION = YES_AGGRESSIVE;
				CLANG_CXX_LANGUAGE_STANDARD = "gnu++17";
				CLANG_CXX_LIBRARY = "libc++";
				CLANG_ENABLE_MODULES = YES;
				CLANG_ENABLE_OBJC_ARC = YES;
				CLANG_ENABLE_OBJC_WEAK = YES;
				CLANG_WARN_BLOCK_CAPTURE_AUTORELEASING = YES;
				CLANG_WARN_BOOL_CONVERSION = YES;
				CLANG_WARN_COMMA = YES;
				CLANG_WARN_CONSTANT_CONVERSION = YES;
				CLANG_WARN_DEPRECATED_OBJC_IMPLEMENTATIONS = YES;
				CLANG_WARN_DIRECT_OBJC_ISA_USAGE = YES_ERROR;
				CLANG_WARN_DOCUMENTATION_COMMENTS = YES;
				CLANG_WARN_EMPTY_BODY = YES;
				CLANG_WARN_ENUM_CONVERSION = YES;
				CLANG_WARN_INFINITE_RECURSION = YES;
				CLANG_WARN_INT_CONVERSION = YES;
				CLANG_WARN_NON_LITERAL_NULL_CONVERSION = YES;
				CLANG_WARN_OBJC_IMPLICIT_RETAIN_SELF = YES;
				CLANG_WARN_OBJC_LITERAL_CONVERSION = YES;
				CLANG_WARN_OBJC_ROOT_CLASS = YES_ERROR;
				CLANG_WARN_QUOTED_INCLUDE_IN_FRAMEWORK_HEADER = YES;
				CLANG_WARN_RANGE_LOOP_ANALYSIS = YES;
				CLANG_WARN_STRICT_PROTOTYPES = YES;
				CLANG_WARN_SUSPICIOUS_MOVE = YES;
				CLANG_WARN_UNGUARDED_AVAILABILITY = YES_AGGRESSIVE;
				CLANG_WARN_UNREACHABLE_CODE = YES;
				CLANG_WARN__DUPLICATE_METHOD_MATCH = YES;
				COPY_PHASE_STRIP = NO;
				DEBUG_INFORMATION_FORMAT = "dwarf-with-dsym";
				ENABLE_NS_ASSERTIONS = NO;
				ENABLE_STRICT_OBJC_MSGSEND = YES;
				GCC_C_LANGUAGE_STANDARD = gnu11;
				GCC_NO_COMMON_BLOCKS = YES;
				GCC_WARN_64_TO_32_BIT_CONVERSION = YES;
				GCC_WARN_ABOUT_RETURN_TYPE = YES_ERROR;
				GCC_WARN_UNDECLARED_SELECTOR = YES;
				GCC_WARN_UNINITIALIZED_AUTOS = YES_AGGRESSIVE;
				GCC_WARN_UNUSED_FUNCTION = YES;
				GCC_WARN_UNUSED_VARIABLE = YES;
				IPHONEOS_DEPLOYMENT_TARGET = 15.0;
				MTL_ENABLE_DEBUG_INFO = NO;
				MTL_FAST_MATH = YES;
				SDKROOT = iphoneos;
				SWIFT_COMPILATION_MODE = wholemodule;
				SWIFT_OPTIMIZATION_LEVEL = "-O";
				VALIDATE_PRODUCT = YES;
			};
			name = Release;
		};
		395EC18B28E88C2000F32840 /* Debug */ = {
			isa = XCBuildConfiguration;
			baseConfigurationReference = F0BBC578FE292801DC294ED7 /* Pods-SellStroy-iOS.debug.xcconfig */;
			buildSettings = {
				ASSETCATALOG_COMPILER_APPICON_NAME = AppIcon;
				ASSETCATALOG_COMPILER_GLOBAL_ACCENT_COLOR_NAME = AccentColor;
				CODE_SIGN_STYLE = Automatic;
				CURRENT_PROJECT_VERSION = 1;
				GENERATE_INFOPLIST_FILE = YES;
				INFOPLIST_FILE = "SellStroy-iOS/Info.plist";
				INFOPLIST_KEY_UIApplicationSupportsIndirectInputEvents = YES;
				INFOPLIST_KEY_UILaunchStoryboardName = LaunchScreen;
				INFOPLIST_KEY_UISupportedInterfaceOrientations = UIInterfaceOrientationPortrait;
				IPHONEOS_DEPLOYMENT_TARGET = 13.0;
				LD_RUNPATH_SEARCH_PATHS = (
					"$(inherited)",
					"@executable_path/Frameworks",
				);
				MARKETING_VERSION = 1.0;
				PRODUCT_BUNDLE_IDENTIFIER = "min.personal.SellStroy-iOS";
				PRODUCT_NAME = "$(TARGET_NAME)";
				SUPPORTED_PLATFORMS = "iphoneos iphonesimulator";
				SUPPORTS_MACCATALYST = NO;
				SUPPORTS_MAC_DESIGNED_FOR_IPHONE_IPAD = NO;
				SWIFT_EMIT_LOC_STRINGS = YES;
				SWIFT_VERSION = 5.0;
				TARGETED_DEVICE_FAMILY = 1;
			};
			name = Debug;
		};
		395EC18C28E88C2000F32840 /* Release */ = {
			isa = XCBuildConfiguration;
			baseConfigurationReference = 1587F02214F5CE37CA1229DF /* Pods-SellStroy-iOS.release.xcconfig */;
			buildSettings = {
				ASSETCATALOG_COMPILER_APPICON_NAME = AppIcon;
				ASSETCATALOG_COMPILER_GLOBAL_ACCENT_COLOR_NAME = AccentColor;
				CODE_SIGN_STYLE = Automatic;
				CURRENT_PROJECT_VERSION = 1;
				GENERATE_INFOPLIST_FILE = YES;
				INFOPLIST_FILE = "SellStroy-iOS/Info.plist";
				INFOPLIST_KEY_UIApplicationSupportsIndirectInputEvents = YES;
				INFOPLIST_KEY_UILaunchStoryboardName = LaunchScreen;
				INFOPLIST_KEY_UISupportedInterfaceOrientations = UIInterfaceOrientationPortrait;
				IPHONEOS_DEPLOYMENT_TARGET = 13.0;
				LD_RUNPATH_SEARCH_PATHS = (
					"$(inherited)",
					"@executable_path/Frameworks",
				);
				MARKETING_VERSION = 1.0;
				PRODUCT_BUNDLE_IDENTIFIER = "min.personal.SellStroy-iOS";
				PRODUCT_NAME = "$(TARGET_NAME)";
				SUPPORTED_PLATFORMS = "iphoneos iphonesimulator";
				SUPPORTS_MACCATALYST = NO;
				SUPPORTS_MAC_DESIGNED_FOR_IPHONE_IPAD = NO;
				SWIFT_EMIT_LOC_STRINGS = YES;
				SWIFT_VERSION = 5.0;
				TARGETED_DEVICE_FAMILY = 1;
			};
			name = Release;
		};
/* End XCBuildConfiguration section */

/* Begin XCConfigurationList section */
		395EC17128E88C1E00F32840 /* Build configuration list for PBXProject "SellStroy-iOS" */ = {
			isa = XCConfigurationList;
			buildConfigurations = (
				395EC18828E88C2000F32840 /* Debug */,
				395EC18928E88C2000F32840 /* Release */,
			);
			defaultConfigurationIsVisible = 0;
			defaultConfigurationName = Release;
		};
		395EC18A28E88C2000F32840 /* Build configuration list for PBXNativeTarget "SellStroy-iOS" */ = {
			isa = XCConfigurationList;
			buildConfigurations = (
				395EC18B28E88C2000F32840 /* Debug */,
				395EC18C28E88C2000F32840 /* Release */,
			);
			defaultConfigurationIsVisible = 0;
			defaultConfigurationName = Release;
		};
/* End XCConfigurationList section */
	};
	rootObject = 395EC16E28E88C1E00F32840 /* Project object */;
}
